
Microsoft Visual Studio Solution File, Format Version 12.00
# Visual Studio 2012
Project("{FAE04EC0-301F-11D3-BF4B-00C04F79EFBC}") = "PD.Access", "PD.Access\PD.Access.csproj", "{8ABFC438-0AD0-41C9-9E14-1879CD718C16}"
EndProject
Project("{FAE04EC0-301F-11D3-BF4B-00C04F79EFBC}") = "PD.Common", "PD.Common\PD.Common.csproj", "{067EC5F0-2557-422B-8E40-58E8869269B8}"
EndProject
Project("{FAE04EC0-301F-11D3-BF4B-00C04F79EFBC}") = "PD.Controls", "PD.Controls\PD.Controls.csproj", "{FD82B929-C96C-43E7-841C-96F2F231D678}"
EndProject
Project("{FAE04EC0-301F-11D3-BF4B-00C04F79EFBC}") = "PD.Util", "PD.Util\PD.Util.csproj", "{C2F3FD84-D548-461B-B447-A8F2D0D48E9C}"
EndProject
Project("{FAE04EC0-301F-11D3-BF4B-00C04F79EFBC}") = "PD.Model", "PD.Model\PD.Model.csproj", "{BB8A51DA-8574-4539-9191-834A818E5553}"
EndProject
Project("{FAE04EC0-301F-11D3-BF4B-00C04F79EFBC}") = "PD.Web", "PD.Web\PD.Web.csproj", "{D8403F6A-6D2C-4BF8-80DD-5DC4DC4CC236}"
EndProject
Global
	GlobalSection(SolutionConfigurationPlatforms) = preSolution
		Debug|Any CPU = Debug|Any CPU
		Release|Any CPU = Release|Any CPU
	EndGlobalSection
	GlobalSection(ProjectConfigurationPlatforms) = postSolution
		{8ABFC438-0AD0-41C9-9E14-1879CD718C16}.Debug|Any CPU.ActiveCfg = Debug|Any CPU
		{8ABFC438-0AD0-41C9-9E14-1879CD718C16}.Debug|Any CPU.Build.0 = Debug|Any CPU
		{8ABFC438-0AD0-41C9-9E14-1879CD718C16}.Release|Any CPU.ActiveCfg = Release|Any CPU
		{8ABFC438-0AD0-41C9-9E14-1879CD718C16}.Release|Any CPU.Build.0 = Release|Any CPU
		{067EC5F0-2557-422B-8E40-58E8869269B8}.Debug|Any CPU.ActiveCfg = Debug|Any CPU
		{067EC5F0-2557-422B-8E40-58E8869269B8}.Debug|Any CPU.Build.0 = Debug|Any CPU
		{067EC5F0-2557-422B-8E40-58E8869269B8}.Release|Any CPU.ActiveCfg = Release|Any CPU
		{067EC5F0-2557-422B-8E40-58E8869269B8}.Release|Any CPU.Build.0 = Release|Any CPU
		{FD82B929-C96C-43E7-841C-96F2F231D678}.Debug|Any CPU.ActiveCfg = Debug|Any CPU
		{FD82B929-C96C-43E7-841C-96F2F231D678}.Debug|Any CPU.Build.0 = Debug|Any CPU
		{FD82B929-C96C-43E7-841C-96F2F231D678}.Release|Any CPU.ActiveCfg = Release|Any CPU
		{FD82B929-C96C-43E7-841C-96F2F231D678}.Release|Any CPU.Build.0 = Release|Any CPU
		{C2F3FD84-D548-461B-B447-A8F2D0D48E9C}.Debug|Any CPU.ActiveCfg = Debug|Any CPU
		{C2F3FD84-D548-461B-B447-A8F2D0D48E9C}.Debug|Any CPU.Build.0 = Debug|Any CPU
		{C2F3FD84-D548-461B-B447-A8F2D0D48E9C}.Release|Any CPU.ActiveCfg = Release|Any CPU
		{C2F3FD84-D548-461B-B447-A8F2D0D48E9C}.Release|Any CPU.Build.0 = Release|Any CPU
		{BB8A51DA-8574-4539-9191-834A818E5553}.Debug|Any CPU.ActiveCfg = Debug|Any CPU
		{BB8A51DA-8574-4539-9191-834A818E5553}.Debug|Any CPU.Build.0 = Debug|Any CPU
		{BB8A51DA-8574-4539-9191-834A818E5553}.Release|Any CPU.ActiveCfg = Release|Any CPU
		{BB8A51DA-8574-4539-9191-834A818E5553}.Release|Any CPU.Build.0 = Release|Any CPU
		{D8403F6A-6D2C-4BF8-80DD-5DC4DC4CC236}.Debug|Any CPU.ActiveCfg = Debug|Any CPU
		{D8403F6A-6D2C-4BF8-80DD-5DC4DC4CC236}.Debug|Any CPU.Build.0 = Debug|Any CPU
		{D8403F6A-6D2C-4BF8-80DD-5DC4DC4CC236}.Release|Any CPU.ActiveCfg = Release|Any CPU
		{D8403F6A-6D2C-4BF8-80DD-5DC4DC4CC236}.Release|Any CPU.Build.0 = Release|Any CPU
	EndGlobalSection
	GlobalSection(SolutionProperties) = preSolution
		HideSolutionNode = FALSE
	EndGlobalSection
EndGlobal
